
Microsoft Visual Studio Solution File, Format Version 12.00
Project("{FAE04EC0-301F-11D3-BF4B-00C04F79EFBC}") = "DarenaHealth.Community.McpTools", "DarenaHealth.Community.McpTools\DarenaHealth.Community.McpTools.csproj", "{747C6242-8683-4AF1-A7EC-53322941857A}"
EndProject
Project("{FAE04EC0-301F-11D3-BF4B-00C04F79EFBC}") = "DarenaHealth.Community.Mcp.Core", "..\core\DarenaHealth.Community.Mcp.Core\DarenaHealth.Community.Mcp.Core.csproj", "{A873B45E-8DE1-478E-BBAB-D301365CFA33}"
EndProject
Global
	GlobalSection(SolutionConfigurationPlatforms) = preSolution
		Debug|Any CPU = Debug|Any CPU
		Release|Any CPU = Release|Any CPU
	EndGlobalSection
	GlobalSection(ProjectConfigurationPlatforms) = postSolution
		{747C6242-8683-4AF1-A7EC-53322941857A}.Debug|Any CPU.ActiveCfg = Debug|Any CPU
		{747C6242-8683-4AF1-A7EC-53322941857A}.Debug|Any CPU.Build.0 = Debug|Any CPU
		{747C6242-8683-4AF1-A7EC-53322941857A}.Release|Any CPU.ActiveCfg = Release|Any CPU
		{747C6242-8683-4AF1-A7EC-53322941857A}.Release|Any CPU.Build.0 = Release|Any CPU
		{A873B45E-8DE1-478E-BBAB-D301365CFA33}.Debug|Any CPU.ActiveCfg = Debug|Any CPU
		{A873B45E-8DE1-478E-BBAB-D301365CFA33}.Debug|Any CPU.Build.0 = Debug|Any CPU
		{A873B45E-8DE1-478E-BBAB-D301365CFA33}.Release|Any CPU.ActiveCfg = Release|Any CPU
		{A873B45E-8DE1-478E-BBAB-D301365CFA33}.Release|Any CPU.Build.0 = Release|Any CPU
	EndGlobalSection
EndGlobal
