
Microsoft Visual Studio Solution File, Format Version 12.00
Project("{FAE04EC0-301F-11D3-BF4B-00C04F79EFBC}") = "MeldRx.Community.McpTools", "MeldRx.Community.McpTools\MeldRx.Community.McpTools.csproj", "{747C6242-8683-4AF1-A7EC-53322941857A}"
EndProject
Project("{FAE04EC0-301F-11D3-BF4B-00C04F79EFBC}") = "MeldRx.Community.Mcp.Core", "..\core\MeldRx.Community.Mcp.Core\MeldRx.Community.Mcp.Core.csproj", "{929E0D6A-68B2-4157-BB56-8F2396279482}"
EndProject
Global
	GlobalSection(SolutionConfigurationPlatforms) = preSolution
		Debug|Any CPU = Debug|Any CPU
		Release|Any CPU = Release|Any CPU
	EndGlobalSection
	GlobalSection(ProjectConfigurationPlatforms) = postSolution
		{747C6242-8683-4AF1-A7EC-53322941857A}.Debug|Any CPU.ActiveCfg = Debug|Any CPU
		{747C6242-8683-4AF1-A7EC-53322941857A}.Debug|Any CPU.Build.0 = Debug|Any CPU
		{747C6242-8683-4AF1-A7EC-53322941857A}.Release|Any CPU.ActiveCfg = Release|Any CPU
		{747C6242-8683-4AF1-A7EC-53322941857A}.Release|Any CPU.Build.0 = Release|Any CPU
		{929E0D6A-68B2-4157-BB56-8F2396279482}.Debug|Any CPU.ActiveCfg = Debug|Any CPU
		{929E0D6A-68B2-4157-BB56-8F2396279482}.Debug|Any CPU.Build.0 = Debug|Any CPU
		{929E0D6A-68B2-4157-BB56-8F2396279482}.Release|Any CPU.ActiveCfg = Release|Any CPU
		{929E0D6A-68B2-4157-BB56-8F2396279482}.Release|Any CPU.Build.0 = Release|Any CPU
	EndGlobalSection
EndGlobal
