
Microsoft Visual Studio Solution File, Format Version 12.00
Project("{FAE04EC0-301F-11D3-BF4B-00C04F79EFBC}") = "DarenaHealth.Community.McpServers.DarenaSolutions.FhirCrud", "DarenaHealth.Community.McpServers.DarenaSolutions.FhirCrud\DarenaHealth.Community.McpServers.DarenaSolutions.FhirCrud.csproj", "{D5795340-63BA-4ADD-8C7C-FFE233FA65EB}"
EndProject
Project("{FAE04EC0-301F-11D3-BF4B-00C04F79EFBC}") = "DarenaHealth.Community.Mcp.Core", "..\..\core\DarenaHealth.Community.Mcp.Core\DarenaHealth.Community.Mcp.Core.csproj", "{BCF9FAD0-CB9F-423A-973C-E7ABBDFAFEE4}"
EndProject
Global
	GlobalSection(SolutionConfigurationPlatforms) = preSolution
		Debug|Any CPU = Debug|Any CPU
		Release|Any CPU = Release|Any CPU
	EndGlobalSection
	GlobalSection(ProjectConfigurationPlatforms) = postSolution
		{D5795340-63BA-4ADD-8C7C-FFE233FA65EB}.Debug|Any CPU.ActiveCfg = Debug|Any CPU
		{D5795340-63BA-4ADD-8C7C-FFE233FA65EB}.Debug|Any CPU.Build.0 = Debug|Any CPU
		{D5795340-63BA-4ADD-8C7C-FFE233FA65EB}.Release|Any CPU.ActiveCfg = Release|Any CPU
		{D5795340-63BA-4ADD-8C7C-FFE233FA65EB}.Release|Any CPU.Build.0 = Release|Any CPU
		{BCF9FAD0-CB9F-423A-973C-E7ABBDFAFEE4}.Debug|Any CPU.ActiveCfg = Debug|Any CPU
		{BCF9FAD0-CB9F-423A-973C-E7ABBDFAFEE4}.Debug|Any CPU.Build.0 = Debug|Any CPU
		{BCF9FAD0-CB9F-423A-973C-E7ABBDFAFEE4}.Release|Any CPU.ActiveCfg = Release|Any CPU
		{BCF9FAD0-CB9F-423A-973C-E7ABBDFAFEE4}.Release|Any CPU.Build.0 = Release|Any CPU
	EndGlobalSection
EndGlobal
