
Microsoft Visual Studio Solution File, Format Version 12.00
Project("{FAE04EC0-301F-11D3-BF4B-00C04F79EFBC}") = "MeldRx.Community.McpServers.DarenaSolutions.FhirCrud", "MeldRx.Community.McpServers.DarenaSolutions.FhirCrud\MeldRx.Community.McpServers.DarenaSolutions.FhirCrud.csproj", "{D5795340-63BA-4ADD-8C7C-FFE233FA65EB}"
EndProject
Project("{FAE04EC0-301F-11D3-BF4B-00C04F79EFBC}") = "MeldRx.Community.Mcp.Core", "..\..\core\MeldRx.Community.Mcp.Core\MeldRx.Community.Mcp.Core.csproj", "{87916A7F-2ABA-42B3-B6EC-60D1C911787D}"
EndProject
Global
	GlobalSection(SolutionConfigurationPlatforms) = preSolution
		Debug|Any CPU = Debug|Any CPU
		Release|Any CPU = Release|Any CPU
	EndGlobalSection
	GlobalSection(ProjectConfigurationPlatforms) = postSolution
		{D5795340-63BA-4ADD-8C7C-FFE233FA65EB}.Debug|Any CPU.ActiveCfg = Debug|Any CPU
		{D5795340-63BA-4ADD-8C7C-FFE233FA65EB}.Debug|Any CPU.Build.0 = Debug|Any CPU
		{D5795340-63BA-4ADD-8C7C-FFE233FA65EB}.Release|Any CPU.ActiveCfg = Release|Any CPU
		{D5795340-63BA-4ADD-8C7C-FFE233FA65EB}.Release|Any CPU.Build.0 = Release|Any CPU
		{87916A7F-2ABA-42B3-B6EC-60D1C911787D}.Debug|Any CPU.ActiveCfg = Debug|Any CPU
		{87916A7F-2ABA-42B3-B6EC-60D1C911787D}.Debug|Any CPU.Build.0 = Debug|Any CPU
		{87916A7F-2ABA-42B3-B6EC-60D1C911787D}.Release|Any CPU.ActiveCfg = Release|Any CPU
		{87916A7F-2ABA-42B3-B6EC-60D1C911787D}.Release|Any CPU.Build.0 = Release|Any CPU
	EndGlobalSection
EndGlobal
